{
  "nodes": {
    "empty-smt-solver": {
      "inputs": {
        "flake-utils": "flake-utils_2",
        "nixpkgs": "nixpkgs"
      },
      "locked": {
        "lastModified": 1751304960,
        "narHash": "sha256-6+GUDEY6aLyq5KLRaIMeBEVlKiYymKi4CB5B8jG6wY0=",
        "owner": "msooseth",
        "repo": "empty-smt-solver",
        "rev": "74bd120fdb730fde8e44243305e669e5e8a3e02a",
        "type": "github"
      },
      "original": {
        "owner": "msooseth",
        "repo": "empty-smt-solver",
        "rev": "74bd120fdb730fde8e44243305e669e5e8a3e02a",
        "type": "github"
      }
    },
    "flake-utils": {
      "inputs": {
        "systems": "systems"
      },
      "locked": {
        "lastModified": 1731533236,
        "narHash": "sha256-l0KFg5HjrsfsO/JpG+r7fRrqm12kzFHyUHqHCVpMMbI=",
        "owner": "numtide",
        "repo": "flake-utils",
        "rev": "11707dc2f618dd54ca8739b309ec4fc024de578b",
        "type": "github"
      },
      "original": {
        "owner": "numtide",
        "repo": "flake-utils",
        "type": "github"
      }
    },
    "flake-utils_2": {
      "inputs": {
        "systems": "systems_2"
      },
      "locked": {
        "lastModified": 1710146030,
        "narHash": "sha256-SZ5L6eA7HJ/nmkzGG7/ISclqe6oZdOZTNoesiInkXPQ=",
        "owner": "numtide",
        "repo": "flake-utils",
        "rev": "b1d9ab70662946ef0850d488da1c9019f3a9752a",
        "type": "github"
      },
      "original": {
        "owner": "numtide",
        "repo": "flake-utils",
        "type": "github"
      }
    },
    "flake-utils_3": {
      "inputs": {
        "systems": "systems_3"
      },
      "locked": {
        "lastModified": 1710146030,
        "narHash": "sha256-SZ5L6eA7HJ/nmkzGG7/ISclqe6oZdOZTNoesiInkXPQ=",
        "owner": "numtide",
        "repo": "flake-utils",
        "rev": "b1d9ab70662946ef0850d488da1c9019f3a9752a",
        "type": "github"
      },
      "original": {
        "owner": "numtide",
        "repo": "flake-utils",
        "type": "github"
      }
    },
    "flake-utils_4": {
      "locked": {
        "lastModified": 1644229661,
        "narHash": "sha256-1YdnJAsNy69bpcjuoKdOYQX0YxZBiCYZo4Twxerqv7k=",
        "owner": "numtide",
        "repo": "flake-utils",
        "rev": "3cecb5b042f7f209c56ffd8371b2711a290ec797",
        "type": "github"
      },
      "original": {
        "owner": "numtide",
        "repo": "flake-utils",
        "type": "github"
      }
    },
    "flake-utils_5": {
      "inputs": {
        "systems": "systems_4"
      },
      "locked": {
        "lastModified": 1731533236,
        "narHash": "sha256-l0KFg5HjrsfsO/JpG+r7fRrqm12kzFHyUHqHCVpMMbI=",
        "owner": "numtide",
        "repo": "flake-utils",
        "rev": "11707dc2f618dd54ca8739b309ec4fc024de578b",
        "type": "github"
      },
      "original": {
        "owner": "numtide",
        "repo": "flake-utils",
        "type": "github"
      }
    },
    "forge-std": {
      "flake": false,
      "locked": {
        "lastModified": 1749634666,
        "narHash": "sha256-5HqpP/aicV71AXF+MYCg3mxHFnG8Wn1Ov3W6C35uNFk=",
        "owner": "foundry-rs",
        "repo": "forge-std",
        "rev": "60acb7aaadcce2d68e52986a0a66fe79f07d138f",
        "type": "github"
      },
      "original": {
        "owner": "foundry-rs",
        "repo": "forge-std",
        "type": "github"
      }
    },
    "foundry": {
      "inputs": {
        "flake-utils": "flake-utils_4",
        "nixpkgs": "nixpkgs_2"
      },
      "locked": {
        "lastModified": 1752867797,
        "narHash": "sha256-oT129SDSr7SI9ThTd6ZbpmShh5f2tzUH3S4hl6c5/7w=",
        "owner": "shazow",
        "repo": "foundry.nix",
        "rev": "d4445852933ab5bc61ca532cb6c5d3276d89c478",
        "type": "github"
      },
      "original": {
        "owner": "shazow",
        "ref": "stable",
        "repo": "foundry.nix",
        "type": "github"
      }
    },
    "hevm": {
      "inputs": {
        "empty-smt-solver": "empty-smt-solver",
        "flake-utils": "flake-utils_3",
        "forge-std": "forge-std",
        "foundry": "foundry",
        "nixpkgs": [
          "nixpkgs"
        ],
        "solc-pkgs": "solc-pkgs",
        "solidity": "solidity"
      },
      "locked": {
        "lastModified": 1772641546,
        "narHash": "sha256-hsanzku5Di26f4jo0doYuIZCx6GwejjhF1ah8Jw62IA=",
        "owner": "lefterislazar",
        "repo": "hevm",
        "rev": "433cf6e6628575852ce61834e7ca515d7d461b55",
        "type": "github"
      },
      "original": {
        "owner": "lefterislazar",
        "ref": "unknown-code",
        "repo": "hevm",
        "type": "github"
      }
    },
    "nixpkgs": {
      "locked": {
        "lastModified": 1751180975,
        "narHash": "sha256-BKk4yDiXr4LdF80OTVqYJ53Q74rOcA/82EClXug8xsY=",
        "owner": "NixOS",
        "repo": "nixpkgs",
        "rev": "a48741b083d4f36dd79abd9f760c84da6b4dc0e5",
        "type": "github"
      },
      "original": {
        "owner": "NixOS",
        "ref": "nixpkgs-unstable",
        "repo": "nixpkgs",
        "type": "github"
      }
    },
    "nixpkgs_2": {
      "locked": {
        "lastModified": 1751180975,
        "narHash": "sha256-BKk4yDiXr4LdF80OTVqYJ53Q74rOcA/82EClXug8xsY=",
        "owner": "NixOS",
        "repo": "nixpkgs",
        "rev": "a48741b083d4f36dd79abd9f760c84da6b4dc0e5",
        "type": "github"
      },
      "original": {
        "owner": "NixOS",
        "ref": "nixpkgs-unstable",
        "repo": "nixpkgs",
        "type": "github"
      }
    },
    "nixpkgs_3": {
      "locked": {
        "lastModified": 1742272065,
        "narHash": "sha256-ud8vcSzJsZ/CK+r8/v0lyf4yUntVmDq6Z0A41ODfWbE=",
        "owner": "nixos",
        "repo": "nixpkgs",
        "rev": "3549532663732bfd89993204d40543e9edaec4f2",
        "type": "github"
      },
      "original": {
        "owner": "nixos",
        "ref": "nixpkgs-unstable",
        "repo": "nixpkgs",
        "type": "github"
      }
    },
    "nixpkgs_rocq": {
      "locked": {
        "lastModified": 1770843696,
        "narHash": "sha256-LovWTGDwXhkfCOmbgLVA10bvsi/P8eDDpRudgk68HA8=",
        "owner": "nixos",
        "repo": "nixpkgs",
        "rev": "2343bbb58f99267223bc2aac4fc9ea301a155a16",
        "type": "github"
      },
      "original": {
        "owner": "nixos",
        "ref": "nixpkgs-unstable",
        "repo": "nixpkgs",
        "type": "github"
      }
    },
    "root": {
      "inputs": {
        "flake-utils": "flake-utils",
        "hevm": "hevm",
        "nixpkgs": "nixpkgs_3",
        "nixpkgs_rocq": "nixpkgs_rocq"
      }
    },
    "solc-macos-amd64-list-json": {
      "flake": false,
      "locked": {
        "narHash": "sha256-P+ZslplK4cQ/wnV/wykVKb+yTCviI0eylA3sk9uHmRo=",
        "type": "file",
        "url": "https://github.com/argotorg/solc-bin/raw/a11f1ad/macosx-amd64/list.json"
      },
      "original": {
        "type": "file",
        "url": "https://github.com/argotorg/solc-bin/raw/a11f1ad/macosx-amd64/list.json"
      }
    },
    "solc-pkgs": {
      "inputs": {
        "flake-utils": "flake-utils_5",
        "nixpkgs": [
          "hevm",
          "nixpkgs"
        ],
        "solc-macos-amd64-list-json": "solc-macos-amd64-list-json"
      },
      "locked": {
        "lastModified": 1768831671,
        "narHash": "sha256-0mmlYRtZK+eomevkQCCH7PL8QlSuALZQsjLroCWGE08=",
        "owner": "hellwolf",
        "repo": "solc.nix",
        "rev": "80ad871b93d15c7bccf71617f78f73c2d291a9c7",
        "type": "github"
      },
      "original": {
        "owner": "hellwolf",
        "repo": "solc.nix",
        "type": "github"
      }
    },
    "solidity": {
      "flake": false,
      "locked": {
        "lastModified": 1764751767,
        "narHash": "sha256-YwM6p78wJXn2MTY8ukHGR8A2120ak+x5BfQAitTcDKA=",
        "owner": "argotorg",
        "repo": "solidity",
        "rev": "fd3a22656ebe9c91a96ebd846ab7699b5f2e053c",
        "type": "github"
      },
      "original": {
        "owner": "argotorg",
        "repo": "solidity",
        "rev": "fd3a22656ebe9c91a96ebd846ab7699b5f2e053c",
        "type": "github"
      }
    },
    "systems": {
      "locked": {
        "lastModified": 1681028828,
        "narHash": "sha256-Vy1rq5AaRuLzOxct8nz4T6wlgyUR7zLU309k9mBC768=",
        "owner": "nix-systems",
        "repo": "default",
        "rev": "da67096a3b9bf56a91d16901293e51ba5b49a27e",
        "type": "github"
      },
      "original": {
        "owner": "nix-systems",
        "repo": "default",
        "type": "github"
      }
    },
    "systems_2": {
      "locked": {
        "lastModified": 1681028828,
        "narHash": "sha256-Vy1rq5AaRuLzOxct8nz4T6wlgyUR7zLU309k9mBC768=",
        "owner": "nix-systems",
        "repo": "default",
        "rev": "da67096a3b9bf56a91d16901293e51ba5b49a27e",
        "type": "github"
      },
      "original": {
        "owner": "nix-systems",
        "repo": "default",
        "type": "github"
      }
    },
    "systems_3": {
      "locked": {
        "lastModified": 1681028828,
        "narHash": "sha256-Vy1rq5AaRuLzOxct8nz4T6wlgyUR7zLU309k9mBC768=",
        "owner": "nix-systems",
        "repo": "default",
        "rev": "da67096a3b9bf56a91d16901293e51ba5b49a27e",
        "type": "github"
      },
      "original": {
        "owner": "nix-systems",
        "repo": "default",
        "type": "github"
      }
    },
    "systems_4": {
      "locked": {
        "lastModified": 1681028828,
        "narHash": "sha256-Vy1rq5AaRuLzOxct8nz4T6wlgyUR7zLU309k9mBC768=",
        "owner": "nix-systems",
        "repo": "default",
        "rev": "da67096a3b9bf56a91d16901293e51ba5b49a27e",
        "type": "github"
      },
      "original": {
        "owner": "nix-systems",
        "repo": "default",
        "type": "github"
      }
    }
  },
  "root": "root",
  "version": 7
}
